{
  "requires": true,
  "lockfileVersion": 1,
  "dependencies": {
    "@dcloudio/uni-ui": {
      "version": "0.0.2",
      "resolved": "https://registry.npmjs.org/@dcloudio/uni-ui/-/uni-ui-0.0.2.tgz",
      "integrity": "sha512-laubu3EVslLcYceoNNQRKLmbNZ5HiXRKG9CyFNI+o5HI+utwspbzlKhyYJggpmmxwMnfOtHkoVHbm6Z4vuGEmA=="
    }
  }
}
